
Microsoft Visual Studio Solution File, Format Version 12.00
# Visual Studio Version 16
VisualStudioVersion = 16.0.31019.35
MinimumVisualStudioVersion = 10.0.40219.1
Project("{FAE04EC0-301F-11D3-BF4B-00C04F79EFBC}") = "Projetcinimaneverland", "Projetcinimaneverland\Projetcinimaneverland.csproj", "{D49A95BA-0337-4C77-923B-82C7D2F188E3}"
EndProject
Global
	GlobalSection(SolutionConfigurationPlatforms) = preSolution
		Debug|Any CPU = Debug|Any CPU
		Release|Any CPU = Release|Any CPU
	EndGlobalSection
	GlobalSection(ProjectConfigurationPlatforms) = postSolution
		{D49A95BA-0337-4C77-923B-82C7D2F188E3}.Debug|Any CPU.ActiveCfg = Debug|Any CPU
		{D49A95BA-0337-4C77-923B-82C7D2F188E3}.Debug|Any CPU.Build.0 = Debug|Any CPU
		{D49A95BA-0337-4C77-923B-82C7D2F188E3}.Release|Any CPU.ActiveCfg = Release|Any CPU
		{D49A95BA-0337-4C77-923B-82C7D2F188E3}.Release|Any CPU.Build.0 = Release|Any CPU
	EndGlobalSection
	GlobalSection(SolutionProperties) = preSolution
		HideSolutionNode = FALSE
	EndGlobalSection
	GlobalSection(ExtensibilityGlobals) = postSolution
		SolutionGuid = {E8A05B05-854F-4ADC-841B-EF108C387B42}
	EndGlobalSection
EndGlobal
